{
  "nodes": {
    "crane": {
      "locked": {
        "lastModified": 1787074141,
        "narHash": "sha256-MWnmk87W8akPIKh+yd0bTfXvlyumKQVh5l/KTbgI95o=",
        "owner": "ipetkov",
        "repo": "crane",
        "rev": "6ed595a5527c0ec9563e0e06417f1b8fc88ccb66",
        "type": "github"
      },
      "original": {
        "owner": "ipetkov",
        "repo": "crane",
        "type": "github"
      }
    },
    "fenix": {
      "inputs": {
        "nixpkgs": [
          "nixpkgs"
        ],
        "rust-analyzer-src": "rust-analyzer-src"
      },
      "locked": {
        "lastModified": 1787122318,
        "narHash": "sha256-37asD+JKFnedthzsuGP8mDgxCzjNePJVfMAVzYWIMfs=",
        "owner": "nix-community",
        "repo": "fenix",
        "rev": "d57340fe40c2ee12f86c0e087d2239d682b54eb0",
        "type": "github"
      },
      "original": {
        "owner": "nix-community",
        "repo": "fenix",
        "type": "github"
      }
    },
    "flake-utils": {
      "inputs": {
        "systems": "systems"
      },
      "locked": {
        "lastModified": 1731533236,
        "narHash": "sha256-l0KFg5HjrsfsO/JpG+r7fRrqm12kzFHyUHqHCVpMMbI=",
        "owner": "numtide",
        "repo": "flake-utils",
        "rev": "11707dc2f618dd54ca8739b309ec4fc024de578b",
        "type": "github"
      },
      "original": {
        "owner": "numtide",
        "repo": "flake-utils",
        "type": "github"
      }
    },
    "nixpkgs": {
      "locked": {
        "lastModified": 1787070829,
        "narHash": "sha256-xe+M6F3syqECh9nH7Fmyxrjs13PtQV3S9o/EbutKz84=",
        "rev": "0ae2bc1419c3f345984c2629e72e7a631820fa4d",
        "type": "tarball",
        "url": "https://releases.nixos.org/nixos/unstable/nixos-26.11pre1057639.0ae2bc1419c3/nixexprs.tar.xz"
      },
      "original": {
        "id": "nixpkgs",
        "ref": "nixos-unstable",
        "type": "indirect"
      }
    },
    "root": {
      "inputs": {
        "crane": "crane",
        "fenix": "fenix",
        "flake-utils": "flake-utils",
        "nixpkgs": "nixpkgs"
      }
    },
    "rust-analyzer-src": {
      "flake": false,
      "locked": {
        "lastModified": 1787016763,
        "narHash": "sha256-xLAVaKGTZ/fI/+dZnAukLbXOi/05fF755IJ1mK6h/Lc=",
        "owner": "rust-lang",
        "repo": "rust-analyzer",
        "rev": "0356f5bf5a88095cae07bbb57e44bb00a22a4711",
        "type": "github"
      },
      "original": {
        "owner": "rust-lang",
        "ref": "nightly",
        "repo": "rust-analyzer",
        "type": "github"
      }
    },
    "systems": {
      "locked": {
        "lastModified": 1681028828,
        "narHash": "sha256-Vy1rq5AaRuLzOxct8nz4T6wlgyUR7zLU309k9mBC768=",
        "owner": "nix-systems",
        "repo": "default",
        "rev": "da67096a3b9bf56a91d16901293e51ba5b49a27e",
        "type": "github"
      },
      "original": {
        "owner": "nix-systems",
        "repo": "default",
        "type": "github"
      }
    }
  },
  "root": "root",
  "version": 7
}
